
Microsoft Visual Studio Solution File, Format Version 12.00
# Visual Studio Version 17
VisualStudioVersion = 17.14.37216.2
MinimumVisualStudioVersion = 10.0.40219.1
Project("{FAE04EC0-301F-11D3-BF4B-00C04F79EFBC}") = "CMS.Web", "CMS.Web\CMS.Web.csproj", "{6CD31C74-0DA1-41CD-9CBD-C82A5B1452FC}"
EndProject
Project("{FAE04EC0-301F-11D3-BF4B-00C04F79EFBC}") = "CMS.Domain", "CMS.Domain\CMS.Domain.csproj", "{5BEDE3BD-7DAF-41E1-AB20-3FEE3D205110}"
EndProject
Project("{FAE04EC0-301F-11D3-BF4B-00C04F79EFBC}") = "CMS.Application", "CMS.Application\CMS.Application.csproj", "{E2C8934C-0B43-4FCB-B5FD-E201DD0188B5}"
EndProject
Project("{FAE04EC0-301F-11D3-BF4B-00C04F79EFBC}") = "CMS.Infrastructure", "CMS.Infrastructure\CMS.Infrastructure.csproj", "{AC5EB5E8-46F1-413C-A74F-67A552F9B46E}"
EndProject
Project("{FAE04EC0-301F-11D3-BF4B-00C04F79EFBC}") = "CMS.API", "CMS.API\CMS.API.csproj", "{1DF431FB-913A-4406-B951-C7B70CF28513}"
EndProject
Global
	GlobalSection(SolutionConfigurationPlatforms) = preSolution
		Debug|Any CPU = Debug|Any CPU
		Debug|x64 = Debug|x64
		Debug|x86 = Debug|x86
		Release|Any CPU = Release|Any CPU
		Release|x64 = Release|x64
		Release|x86 = Release|x86
	EndGlobalSection
	GlobalSection(ProjectConfigurationPlatforms) = postSolution
		{6CD31C74-0DA1-41CD-9CBD-C82A5B1452FC}.Debug|Any CPU.ActiveCfg = Debug|Any CPU
		{6CD31C74-0DA1-41CD-9CBD-C82A5B1452FC}.Debug|Any CPU.Build.0 = Debug|Any CPU
		{6CD31C74-0DA1-41CD-9CBD-C82A5B1452FC}.Debug|x64.ActiveCfg = Debug|Any CPU
		{6CD31C74-0DA1-41CD-9CBD-C82A5B1452FC}.Debug|x64.Build.0 = Debug|Any CPU
		{6CD31C74-0DA1-41CD-9CBD-C82A5B1452FC}.Debug|x86.ActiveCfg = Debug|Any CPU
		{6CD31C74-0DA1-41CD-9CBD-C82A5B1452FC}.Debug|x86.Build.0 = Debug|Any CPU
		{6CD31C74-0DA1-41CD-9CBD-C82A5B1452FC}.Release|Any CPU.ActiveCfg = Release|Any CPU
		{6CD31C74-0DA1-41CD-9CBD-C82A5B1452FC}.Release|Any CPU.Build.0 = Release|Any CPU
		{6CD31C74-0DA1-41CD-9CBD-C82A5B1452FC}.Release|x64.ActiveCfg = Release|Any CPU
		{6CD31C74-0DA1-41CD-9CBD-C82A5B1452FC}.Release|x64.Build.0 = Release|Any CPU
		{6CD31C74-0DA1-41CD-9CBD-C82A5B1452FC}.Release|x86.ActiveCfg = Release|Any CPU
		{6CD31C74-0DA1-41CD-9CBD-C82A5B1452FC}.Release|x86.Build.0 = Release|Any CPU
		{5BEDE3BD-7DAF-41E1-AB20-3FEE3D205110}.Debug|Any CPU.ActiveCfg = Debug|Any CPU
		{5BEDE3BD-7DAF-41E1-AB20-3FEE3D205110}.Debug|Any CPU.Build.0 = Debug|Any CPU
		{5BEDE3BD-7DAF-41E1-AB20-3FEE3D205110}.Debug|x64.ActiveCfg = Debug|Any CPU
		{5BEDE3BD-7DAF-41E1-AB20-3FEE3D205110}.Debug|x64.Build.0 = Debug|Any CPU
		{5BEDE3BD-7DAF-41E1-AB20-3FEE3D205110}.Debug|x86.ActiveCfg = Debug|Any CPU
		{5BEDE3BD-7DAF-41E1-AB20-3FEE3D205110}.Debug|x86.Build.0 = Debug|Any CPU
		{5BEDE3BD-7DAF-41E1-AB20-3FEE3D205110}.Release|Any CPU.ActiveCfg = Release|Any CPU
		{5BEDE3BD-7DAF-41E1-AB20-3FEE3D205110}.Release|Any CPU.Build.0 = Release|Any CPU
		{5BEDE3BD-7DAF-41E1-AB20-3FEE3D205110}.Release|x64.ActiveCfg = Release|Any CPU
		{5BEDE3BD-7DAF-41E1-AB20-3FEE3D205110}.Release|x64.Build.0 = Release|Any CPU
		{5BEDE3BD-7DAF-41E1-AB20-3FEE3D205110}.Release|x86.ActiveCfg = Release|Any CPU
		{5BEDE3BD-7DAF-41E1-AB20-3FEE3D205110}.Release|x86.Build.0 = Release|Any CPU
		{E2C8934C-0B43-4FCB-B5FD-E201DD0188B5}.Debug|Any CPU.ActiveCfg = Debug|Any CPU
		{E2C8934C-0B43-4FCB-B5FD-E201DD0188B5}.Debug|Any CPU.Build.0 = Debug|Any CPU
		{E2C8934C-0B43-4FCB-B5FD-E201DD0188B5}.Debug|x64.ActiveCfg = Debug|Any CPU
		{E2C8934C-0B43-4FCB-B5FD-E201DD0188B5}.Debug|x64.Build.0 = Debug|Any CPU
		{E2C8934C-0B43-4FCB-B5FD-E201DD0188B5}.Debug|x86.ActiveCfg = Debug|Any CPU
		{E2C8934C-0B43-4FCB-B5FD-E201DD0188B5}.Debug|x86.Build.0 = Debug|Any CPU
		{E2C8934C-0B43-4FCB-B5FD-E201DD0188B5}.Release|Any CPU.ActiveCfg = Release|Any CPU
		{E2C8934C-0B43-4FCB-B5FD-E201DD0188B5}.Release|Any CPU.Build.0 = Release|Any CPU
		{E2C8934C-0B43-4FCB-B5FD-E201DD0188B5}.Release|x64.ActiveCfg = Release|Any CPU
		{E2C8934C-0B43-4FCB-B5FD-E201DD0188B5}.Release|x64.Build.0 = Release|Any CPU
		{E2C8934C-0B43-4FCB-B5FD-E201DD0188B5}.Release|x86.ActiveCfg = Release|Any CPU
		{E2C8934C-0B43-4FCB-B5FD-E201DD0188B5}.Release|x86.Build.0 = Release|Any CPU
		{AC5EB5E8-46F1-413C-A74F-67A552F9B46E}.Debug|Any CPU.ActiveCfg = Debug|Any CPU
		{AC5EB5E8-46F1-413C-A74F-67A552F9B46E}.Debug|Any CPU.Build.0 = Debug|Any CPU
		{AC5EB5E8-46F1-413C-A74F-67A552F9B46E}.Debug|x64.ActiveCfg = Debug|Any CPU
		{AC5EB5E8-46F1-413C-A74F-67A552F9B46E}.Debug|x64.Build.0 = Debug|Any CPU
		{AC5EB5E8-46F1-413C-A74F-67A552F9B46E}.Debug|x86.ActiveCfg = Debug|Any CPU
		{AC5EB5E8-46F1-413C-A74F-67A552F9B46E}.Debug|x86.Build.0 = Debug|Any CPU
		{AC5EB5E8-46F1-413C-A74F-67A552F9B46E}.Release|Any CPU.ActiveCfg = Release|Any CPU
		{AC5EB5E8-46F1-413C-A74F-67A552F9B46E}.Release|Any CPU.Build.0 = Release|Any CPU
		{AC5EB5E8-46F1-413C-A74F-67A552F9B46E}.Release|x64.ActiveCfg = Release|Any CPU
		{AC5EB5E8-46F1-413C-A74F-67A552F9B46E}.Release|x64.Build.0 = Release|Any CPU
		{AC5EB5E8-46F1-413C-A74F-67A552F9B46E}.Release|x86.ActiveCfg = Release|Any CPU
		{AC5EB5E8-46F1-413C-A74F-67A552F9B46E}.Release|x86.Build.0 = Release|Any CPU
		{1DF431FB-913A-4406-B951-C7B70CF28513}.Debug|Any CPU.ActiveCfg = Debug|Any CPU
		{1DF431FB-913A-4406-B951-C7B70CF28513}.Debug|Any CPU.Build.0 = Debug|Any CPU
		{1DF431FB-913A-4406-B951-C7B70CF28513}.Debug|x64.ActiveCfg = Debug|Any CPU
		{1DF431FB-913A-4406-B951-C7B70CF28513}.Debug|x64.Build.0 = Debug|Any CPU
		{1DF431FB-913A-4406-B951-C7B70CF28513}.Debug|x86.ActiveCfg = Debug|Any CPU
		{1DF431FB-913A-4406-B951-C7B70CF28513}.Debug|x86.Build.0 = Debug|Any CPU
		{1DF431FB-913A-4406-B951-C7B70CF28513}.Release|Any CPU.ActiveCfg = Release|Any CPU
		{1DF431FB-913A-4406-B951-C7B70CF28513}.Release|Any CPU.Build.0 = Release|Any CPU
		{1DF431FB-913A-4406-B951-C7B70CF28513}.Release|x64.ActiveCfg = Release|Any CPU
		{1DF431FB-913A-4406-B951-C7B70CF28513}.Release|x64.Build.0 = Release|Any CPU
		{1DF431FB-913A-4406-B951-C7B70CF28513}.Release|x86.ActiveCfg = Release|Any CPU
		{1DF431FB-913A-4406-B951-C7B70CF28513}.Release|x86.Build.0 = Release|Any CPU
	EndGlobalSection
	GlobalSection(SolutionProperties) = preSolution
		HideSolutionNode = FALSE
	EndGlobalSection
	GlobalSection(ExtensibilityGlobals) = postSolution
		SolutionGuid = {D043E531-27A8-49D7-8800-CA26598D5313}
	EndGlobalSection
EndGlobal
